// !$*UTF8*$!
{
	archiveVersion = 1;
	classes = {
	};
	objectVersion = 46;
	objects = {

/* Begin PBXBuildFile section */
		10478EAD196AE71400057177 /* Foundation.framework in Frameworks */ = {isa = PBXBuildFile; fileRef = 10478EAC196AE71400057177 /* Foundation.framework */; };
		10478EAF196AE71400057177 /* CoreGraphics.framework in Frameworks */ = {isa = PBXBuildFile; fileRef = 10478EAE196AE71400057177 /* CoreGraphics.framework */; };
		10478EB1196AE71400057177 /* UIKit.framework in Frameworks */ = {isa = PBXBuildFile; fileRef = 10478EB0196AE71400057177 /* UIKit.framework */; };
		10478EB7196AE71400057177 /* InfoPlist.strings in Resources */ = {isa = PBXBuildFile; fileRef = 10478EB5196AE71400057177 /* InfoPlist.strings */; };
		10478EB9196AE71400057177 /* main.m in Sources */ = {isa = PBXBuildFile; fileRef = 10478EB8196AE71400057177 /* main.m */; };
		10478EBD196AE71400057177 /* NXAppDelegate.m in Sources */ = {isa = PBXBuildFile; fileRef = 10478EBC196AE71400057177 /* NXAppDelegate.m */; };
		10478EC0196AE71400057177 /* Main.storyboard in Resources */ = {isa = PBXBuildFile; fileRef = 10478EBE196AE71400057177 /* Main.storyboard */; };
		10478EC3196AE71400057177 /* NXViewController.m in Sources */ = {isa = PBXBuildFile; fileRef = 10478EC2196AE71400057177 /* NXViewController.m */; };
		10478EC5196AE71400057177 /* Images.xcassets in Resources */ = {isa = PBXBuildFile; fileRef = 10478EC4196AE71400057177 /* Images.xcassets */; };
		10478ECC196AE71400057177 /* XCTest.framework in Frameworks */ = {isa = PBXBuildFile; fileRef = 10478ECB196AE71400057177 /* XCTest.framework */; };
		10478ECD196AE71400057177 /* Foundation.framework in Frameworks */ = {isa = PBXBuildFile; fileRef = 10478EAC196AE71400057177 /* Foundation.framework */; };
		10478ECE196AE71400057177 /* UIKit.framework in Frameworks */ = {isa = PBXBuildFile; fileRef = 10478EB0196AE71400057177 /* UIKit.framework */; };
		10478ED6196AE71400057177 /* InfoPlist.strings in Resources */ = {isa = PBXBuildFile; fileRef = 10478ED4196AE71400057177 /* InfoPlist.strings */; };
		10478ED8196AE71400057177 /* Git_testTests.m in Sources */ = {isa = PBXBuildFile; fileRef = 10478ED7196AE71400057177 /* Git_testTests.m */; };
/* End PBXBuildFile section */

/* Begin PBXContainerItemProxy section */
		10478ECF196AE71400057177 /* PBXContainerItemProxy */ = {
			isa = PBXContainerItemProxy;
			containerPortal = 10478EA1196AE71400057177 /* Project object */;
			proxyType = 1;
			remoteGlobalIDString = 10478EA8196AE71400057177;
			remoteInfo = "Git test";
		};
/* End PBXContainerItemProxy section */

/* Begin PBXFileReference section */
		10478EA9196AE71400057177 /* Git test.app */ = {isa = PBXFileReference; explicitFileType = wrapper.application; includeInIndex = 0; path = "Git test.app"; sourceTree = BUILT_PRODUCTS_DIR; };
		10478EAC196AE71400057177 /* Foundation.framework */ = {isa = PBXFileReference; lastKnownFileType = wrapper.framework; name = Foundation.framework; path = System/Library/Frameworks/Foundation.framework; sourceTree = SDKROOT; };
		10478EAE196AE71400057177 /* CoreGraphics.framework */ = {isa = PBXFileReference; lastKnownFileType = wrapper.framework; name = CoreGraphics.framework; path = System/Library/Frameworks/CoreGraphics.framework; sourceTree = SDKROOT; };
		10478EB0196AE71400057177 /* UIKit.framework */ = {isa = PBXFileReference; lastKnownFileType = wrapper.framework; name = UIKit.framework; path = System/Library/Frameworks/UIKit.framework; sourceTree = SDKROOT; };
		10478EB4196AE71400057177 /* Git test-Info.plist */ = {isa = PBXFileReference; lastKnownFileType = text.plist.xml; path = "Git test-Info.plist"; sourceTree = "<group>"; };
		10478EB6196AE71400057177 /* en */ = {isa = PBXFileReference; lastKnownFileType = text.plist.strings; name = en; path = en.lproj/InfoPlist.strings; sourceTree = "<group>"; };
		10478EB8196AE71400057177 /* main.m */ = {isa = PBXFileReference; lastKnownFileType = sourcecode.c.objc; path = main.m; sourceTree = "<group>"; };
		10478EBA196AE71400057177 /* Git test-Prefix.pch */ = {isa = PBXFileReference; lastKnownFileType = sourcecode.c.h; path = "Git test-Prefix.pch"; sourceTree = "<group>"; };
		10478EBB196AE71400057177 /* NXAppDelegate.h */ = {isa = PBXFileReference; lastKnownFileType = sourcecode.c.h; path = NXAppDelegate.h; sourceTree = "<group>"; };
		10478EBC196AE71400057177 /* NXAppDelegate.m */ = {isa = PBXFileReference; lastKnownFileType = sourcecode.c.objc; path = NXAppDelegate.m; sourceTree = "<group>"; };
		10478EBF196AE71400057177 /* Base */ = {isa = PBXFileReference; lastKnownFileType = file.storyboard; name = Base; path = Base.lproj/Main.storyboard; sourceTree = "<group>"; };
		10478EC1196AE71400057177 /* NXViewController.h */ = {isa = PBXFileReference; lastKnownFileType = sourcecode.c.h; path = NXViewController.h; sourceTree = "<group>"; };
		10478EC2196AE71400057177 /* NXViewController.m */ = {isa = PBXFileReference; lastKnownFileType = sourcecode.c.objc; path = NXViewController.m; sourceTree = "<group>"; };
		10478EC4196AE71400057177 /* Images.xcassets */ = {isa = PBXFileReference; lastKnownFileType = folder.assetcatalog; path = Images.xcassets; sourceTree = "<group>"; };
		10478ECA196AE71400057177 /* Git testTests.xctest */ = {isa = PBXFileReference; explicitFileType = wrapper.cfbundle; includeInIndex = 0; path = "Git testTests.xctest"; sourceTree = BUILT_PRODUCTS_DIR; };
		10478ECB196AE71400057177 /* XCTest.framework */ = {isa = PBXFileReference; lastKnownFileType = wrapper.framework; name = XCTest.framework; path = Library/Frameworks/XCTest.framework; sourceTree = DEVELOPER_DIR; };
		10478ED3196AE71400057177 /* Git testTests-Info.plist */ = {isa = PBXFileReference; lastKnownFileType = text.plist.xml; path = "Git testTests-Info.plist"; sourceTree = "<group>"; };
		10478ED5196AE71400057177 /* en */ = {isa = PBXFileReference; lastKnownFileType = text.plist.strings; name = en; path = en.lproj/InfoPlist.strings; sourceTree = "<group>"; };
		10478ED7196AE71400057177 /* Git_testTests.m */ = {isa = PBXFileReference; lastKnownFileType = sourcecode.c.objc; path = Git_testTests.m; sourceTree = "<group>"; };
/* End PBXFileReference section */

/* Begin PBXFrameworksBuildPhase section */
		10478EA6196AE71400057177 /* Frameworks */ = {
			isa = PBXFrameworksBuildPhase;
			buildActionMask = 2147483647;
			files = (
				10478EAF196AE71400057177 /* CoreGraphics.framework in Frameworks */,
				10478EB1196AE71400057177 /* UIKit.framework in Frameworks */,
				10478EAD196AE71400057177 /* Foundation.framework in Frameworks */,
			);
			runOnlyForDeploymentPostprocessing = 0;
		};
		10478EC7196AE71400057177 /* Frameworks */ = {
			isa = PBXFrameworksBuildPhase;
			buildActionMask = 2147483647;
			files = (
				10478ECC196AE71400057177 /* XCTest.framework in Frameworks */,
				10478ECE196AE71400057177 /* UIKit.framework in Frameworks */,
				10478ECD196AE71400057177 /* Foundation.framework in Frameworks */,
			);
			runOnlyForDeploymentPostprocessing = 0;
		};
/* End PBXFrameworksBuildPhase section */

/* Begin PBXGroup section */
		10478EA0196AE71400057177 = {
			isa = PBXGroup;
			children = (
				10478EB2196AE71400057177 /* Git test */,
				10478ED1196AE71400057177 /* Git testTests */,
				10478EAB196AE71400057177 /* Frameworks */,
				10478EAA196AE71400057177 /* Products */,
			);
			sourceTree = "<group>";
		};
		10478EAA196AE71400057177 /* Products */ = {
			isa = PBXGroup;
			children = (
				10478EA9196AE71400057177 /* Git test.app */,
				10478ECA196AE71400057177 /* Git testTests.xctest */,
			);
			name = Products;
			sourceTree = "<group>";
		};
		10478EAB196AE71400057177 /* Frameworks */ = {
			isa = PBXGroup;
			children = (
				10478EAC196AE71400057177 /* Foundation.framework */,
				10478EAE196AE71400057177 /* CoreGraphics.framework */,
				10478EB0196AE71400057177 /* UIKit.framework */,
				10478ECB196AE71400057177 /* XCTest.framework */,
			);
			name = Frameworks;
			sourceTree = "<group>";
		};
		10478EB2196AE71400057177 /* Git test */ = {
			isa = PBXGroup;
			children = (
				10478EBB196AE71400057177 /* NXAppDelegate.h */,
				10478EBC196AE71400057177 /* NXAppDelegate.m */,
				10478EBE196AE71400057177 /* Main.storyboard */,
				10478EC1196AE71400057177 /* NXViewController.h */,
				10478EC2196AE71400057177 /* NXViewController.m */,
				10478EC4196AE71400057177 /* Images.xcassets */,
				10478EB3196AE71400057177 /* Supporting Files */,
			);
			path = "Git test";
			sourceTree = "<group>";
		};
		10478EB3196AE71400057177 /* Supporting Files */ = {
			isa = PBXGroup;
			children = (
				10478EB4196AE71400057177 /* Git test-Info.plist */,
				10478EB5196AE71400057177 /* InfoPlist.strings */,
				10478EB8196AE71400057177 /* main.m */,
				10478EBA196AE71400057177 /* Git test-Prefix.pch */,
			);
			name = "Supporting Files";
			sourceTree = "<group>";
		};
		10478ED1196AE71400057177 /* Git testTests */ = {
			isa = PBXGroup;
			children = (
				10478ED7196AE71400057177 /* Git_testTests.m */,
				10478ED2196AE71400057177 /* Supporting Files */,
			);
			path = "Git testTests";
			sourceTree = "<group>";
		};
		10478ED2196AE71400057177 /* Supporting Files */ = {
			isa = PBXGroup;
			children = (
				10478ED3196AE71400057177 /* Git testTests-Info.plist */,
				10478ED4196AE71400057177 /* InfoPlist.strings */,
			);
			name = "Supporting Files";
			sourceTree = "<group>";
		};
/* End PBXGroup section */

/* Begin PBXNativeTarget section */
		10478EA8196AE71400057177 /* Git test */ = {
			isa = PBXNativeTarget;
			buildConfigurationList = 10478EDB196AE71400057177 /* Build configuration list for PBXNativeTarget "Git test" */;
			buildPhases = (
				10478EA5196AE71400057177 /* Sources */,
				10478EA6196AE71400057177 /* Frameworks */,
				10478EA7196AE71400057177 /* Resources */,
			);
			buildRules = (
			);
			dependencies = (
			);
			name = "Git test";
			productName = "Git test";
			productReference = 10478EA9196AE71400057177 /* Git test.app */;
			productType = "com.apple.product-type.application";
		};
		10478EC9196AE71400057177 /* Git testTests */ = {
			isa = PBXNativeTarget;
			buildConfigurationList = 10478EDE196AE71400057177 /* Build configuration list for PBXNativeTarget "Git testTests" */;
			buildPhases = (
				10478EC6196AE71400057177 /* Sources */,
				10478EC7196AE71400057177 /* Frameworks */,
				10478EC8196AE71400057177 /* Resources */,
			);
			buildRules = (
			);
			dependencies = (
				10478ED0196AE71400057177 /* PBXTargetDependency */,
			);
			name = "Git testTests";
			productName = "Git testTests";
			productReference = 10478ECA196AE71400057177 /* Git testTests.xctest */;
			productType = "com.apple.product-type.bundle.unit-test";
		};
/* End PBXNativeTarget section */

/* Begin PBXProject section */
		10478EA1196AE71400057177 /* Project object */ = {
			isa = PBXProject;
			attributes = {
				CLASSPREFIX = NX;
				LastUpgradeCheck = 0510;
				ORGANIZATIONNAME = "nox faber";
				TargetAttributes = {
					10478EC9196AE71400057177 = {
						TestTargetID = 10478EA8196AE71400057177;
					};
				};
			};
			buildConfigurationList = 10478EA4196AE71400057177 /* Build configuration list for PBXProject "Git test" */;
			compatibilityVersion = "Xcode 3.2";
			developmentRegion = English;
			hasScannedForEncodings = 0;
			knownRegions = (
				en,
				Base,
			);
			mainGroup = 10478EA0196AE71400057177;
			productRefGroup = 10478EAA196AE71400057177 /* Products */;
			projectDirPath = "";
			projectRoot = "";
			targets = (
				10478EA8196AE71400057177 /* Git test */,
				10478EC9196AE71400057177 /* Git testTests */,
			);
		};
/* End PBXProject section */

/* Begin PBXResourcesBuildPhase section */
		10478EA7196AE71400057177 /* Resources */ = {
			isa = PBXResourcesBuildPhase;
			buildActionMask = 2147483647;
			files = (
				10478EC5196AE71400057177 /* Images.xcassets in Resources */,
				10478EB7196AE71400057177 /* InfoPlist.strings in Resources */,
				10478EC0196AE71400057177 /* Main.storyboard in Resources */,
			);
			runOnlyForDeploymentPostprocessing = 0;
		};
		10478EC8196AE71400057177 /* Resources */ = {
			isa = PBXResourcesBuildPhase;
			buildActionMask = 2147483647;
			files = (
				10478ED6196AE71400057177 /* InfoPlist.strings in Resources */,
			);
			runOnlyForDeploymentPostprocessing = 0;
		};
/* End PBXResourcesBuildPhase section */

/* Begin PBXSourcesBuildPhase section */
		10478EA5196AE71400057177 /* Sources */ = {
			isa = PBXSourcesBuildPhase;
			buildActionMask = 2147483647;
			files = (
				10478EBD196AE71400057177 /* NXAppDelegate.m in Sources */,
				10478EB9196AE71400057177 /* main.m in Sources */,
				10478EC3196AE71400057177 /* NXViewController.m in Sources */,
			);
			runOnlyForDeploymentPostprocessing = 0;
		};
		10478EC6196AE71400057177 /* Sources */ = {
			isa = PBXSourcesBuildPhase;
			buildActionMask = 2147483647;
			files = (
				10478ED8196AE71400057177 /* Git_testTests.m in Sources */,
			);
			runOnlyForDeploymentPostprocessing = 0;
		};
/* End PBXSourcesBuildPhase section */

/* Begin PBXTargetDependency section */
		10478ED0196AE71400057177 /* PBXTargetDependency */ = {
			isa = PBXTargetDependency;
			target = 10478EA8196AE71400057177 /* Git test */;
			targetProxy = 10478ECF196AE71400057177 /* PBXContainerItemProxy */;
		};
/* End PBXTargetDependency section */

/* Begin PBXVariantGroup section */
		10478EB5196AE71400057177 /* InfoPlist.strings */ = {
			isa = PBXVariantGroup;
			children = (
				10478EB6196AE71400057177 /* en */,
			);
			name = InfoPlist.strings;
			sourceTree = "<group>";
		};
		10478EBE196AE71400057177 /* Main.storyboard */ = {
			isa = PBXVariantGroup;
			children = (
				10478EBF196AE71400057177 /* Base */,
			);
			name = Main.storyboard;
			sourceTree = "<group>";
		};
		10478ED4196AE71400057177 /* InfoPlist.strings */ = {
			isa = PBXVariantGroup;
			children = (
				10478ED5196AE71400057177 /* en */,
			);
			name = InfoPlist.strings;
			sourceTree = "<group>";
		};
/* End PBXVariantGroup section */

/* Begin XCBuildConfiguration section */
		10478ED9196AE71400057177 /* Debug */ = {
			isa = XCBuildConfiguration;
			buildSettings = {
				ALWAYS_SEARCH_USER_PATHS = NO;
				CLANG_CXX_LANGUAGE_STANDARD = "gnu++0x";
				CLANG_CXX_LIBRARY = "libc++";
				CLANG_ENABLE_MODULES = YES;
				CLANG_ENABLE_OBJC_ARC = YES;
				CLANG_WARN_BOOL_CONVERSION = YES;
				CLANG_WARN_CONSTANT_CONVERSION = YES;
				CLANG_WARN_DIRECT_OBJC_ISA_USAGE = YES_ERROR;
				CLANG_WARN_EMPTY_BODY = YES;
				CLANG_WARN_ENUM_CONVERSION = YES;
				CLANG_WARN_INT_CONVERSION = YES;
				CLANG_WARN_OBJC_ROOT_CLASS = YES_ERROR;
				CLANG_WARN__DUPLICATE_METHOD_MATCH = YES;
				"CODE_SIGN_IDENTITY[sdk=iphoneos*]" = "iPhone Developer";
				COPY_PHASE_STRIP = NO;
				GCC_C_LANGUAGE_STANDARD = gnu99;
				GCC_DYNAMIC_NO_PIC = NO;
				GCC_OPTIMIZATION_LEVEL = 0;
				GCC_PREPROCESSOR_DEFINITIONS = (
					"DEBUG=1",
					"$(inherited)",
				);
				GCC_SYMBOLS_PRIVATE_EXTERN = NO;
				GCC_WARN_64_TO_32_BIT_CONVERSION = YES;
				GCC_WARN_ABOUT_RETURN_TYPE = YES_ERROR;
				GCC_WARN_UNDECLARED_SELECTOR = YES;
				GCC_WARN_UNINITIALIZED_AUTOS = YES_AGGRESSIVE;
				GCC_WARN_UNUSED_FUNCTION = YES;
				GCC_WARN_UNUSED_VARIABLE = YES;
				IPHONEOS_DEPLOYMENT_TARGET = 7.1;
				ONLY_ACTIVE_ARCH = YES;
				SDKROOT = iphoneos;
			};
			name = Debug;
		};
		10478EDA196AE71400057177 /* Release */ = {
			isa = XCBuildConfiguration;
			buildSettings = {
				ALWAYS_SEARCH_USER_PATHS = NO;
				CLANG_CXX_LANGUAGE_STANDARD = "gnu++0x";
				CLANG_CXX_LIBRARY = "libc++";
				CLANG_ENABLE_MODULES = YES;
				CLANG_ENABLE_OBJC_ARC = YES;
				CLANG_WARN_BOOL_CONVERSION = YES;
				CLANG_WARN_CONSTANT_CONVERSION = YES;
				CLANG_WARN_DIRECT_OBJC_ISA_USAGE = YES_ERROR;
				CLANG_WARN_EMPTY_BODY = YES;
				CLANG_WARN_ENUM_CONVERSION = YES;
				CLANG_WARN_INT_CONVERSION = YES;
				CLANG_WARN_OBJC_ROOT_CLASS = YES_ERROR;
				CLANG_WARN__DUPLICATE_METHOD_MATCH = YES;
				"CODE_SIGN_IDENTITY[sdk=iphoneos*]" = "iPhone Developer";
				COPY_PHASE_STRIP = YES;
				ENABLE_NS_ASSERTIONS = NO;
				GCC_C_LANGUAGE_STANDARD = gnu99;
				GCC_WARN_64_TO_32_BIT_CONVERSION = YES;
				GCC_WARN_ABOUT_RETURN_TYPE = YES_ERROR;
				GCC_WARN_UNDECLARED_SELECTOR = YES;
				GCC_WARN_UNINITIALIZED_AUTOS = YES_AGGRESSIVE;
				GCC_WARN_UNUSED_FUNCTION = YES;
				GCC_WARN_UNUSED_VARIABLE = YES;
				IPHONEOS_DEPLOYMENT_TARGET = 7.1;
				SDKROOT = iphoneos;
				VALIDATE_PRODUCT = YES;
			};
			name = Release;
		};
		10478EDC196AE71400057177 /* Debug */ = {
			isa = XCBuildConfiguration;
			buildSettings = {
				ASSETCATALOG_COMPILER_APPICON_NAME = AppIcon;
				ASSETCATALOG_COMPILER_LAUNCHIMAGE_NAME = LaunchImage;
				GCC_PRECOMPILE_PREFIX_HEADER = YES;
				GCC_PREFIX_HEADER = "Git test/Git test-Prefix.pch";
				INFOPLIST_FILE = "Git test/Git test-Info.plist";
				PRODUCT_NAME = "$(TARGET_NAME)";
				WRAPPER_EXTENSION = app;
			};
			name = Debug;
		};
		10478EDD196AE71400057177 /* Release */ = {
			isa = XCBuildConfiguration;
			buildSettings = {
				ASSETCATALOG_COMPILER_APPICON_NAME = AppIcon;
				ASSETCATALOG_COMPILER_LAUNCHIMAGE_NAME = LaunchImage;
				GCC_PRECOMPILE_PREFIX_HEADER = YES;
				GCC_PREFIX_HEADER = "Git test/Git test-Prefix.pch";
				INFOPLIST_FILE = "Git test/Git test-Info.plist";
				PRODUCT_NAME = "$(TARGET_NAME)";
				WRAPPER_EXTENSION = app;
			};
			name = Release;
		};
		10478EDF196AE71400057177 /* Debug */ = {
			isa = XCBuildConfiguration;
			buildSettings = {
				BUNDLE_LOADER = "$(BUILT_PRODUCTS_DIR)/Git test.app/Git test";
				FRAMEWORK_SEARCH_PATHS = (
					"$(SDKROOT)/Developer/Library/Frameworks",
					"$(inherited)",
					"$(DEVELOPER_FRAMEWORKS_DIR)",
				);
				GCC_PRECOMPILE_PREFIX_HEADER = YES;
				GCC_PREFIX_HEADER = "Git test/Git test-Prefix.pch";
				GCC_PREPROCESSOR_DEFINITIONS = (
					"DEBUG=1",
					"$(inherited)",
				);
				INFOPLIST_FILE = "Git testTests/Git testTests-Info.plist";
				PRODUCT_NAME = "$(TARGET_NAME)";
				TEST_HOST = "$(BUNDLE_LOADER)";
				WRAPPER_EXTENSION = xctest;
			};
			name = Debug;
		};
		10478EE0196AE71400057177 /* Release */ = {
			isa = XCBuildConfiguration;
			buildSettings = {
				BUNDLE_LOADER = "$(BUILT_PRODUCTS_DIR)/Git test.app/Git test";
				FRAMEWORK_SEARCH_PATHS = (
					"$(SDKROOT)/Developer/Library/Frameworks",
					"$(inherited)",
					"$(DEVELOPER_FRAMEWORKS_DIR)",
				);
				GCC_PRECOMPILE_PREFIX_HEADER = YES;
				GCC_PREFIX_HEADER = "Git test/Git test-Prefix.pch";
				INFOPLIST_FILE = "Git testTests/Git testTests-Info.plist";
				PRODUCT_NAME = "$(TARGET_NAME)";
				TEST_HOST = "$(BUNDLE_LOADER)";
				WRAPPER_EXTENSION = xctest;
			};
			name = Release;
		};
/* End XCBuildConfiguration section */

/* Begin XCConfigurationList section */
		10478EA4196AE71400057177 /* Build configuration list for PBXProject "Git test" */ = {
			isa = XCConfigurationList;
			buildConfigurations = (
				10478ED9196AE71400057177 /* Debug */,
				10478EDA196AE71400057177 /* Release */,
			);
			defaultConfigurationIsVisible = 0;
			defaultConfigurationName = Release;
		};
		10478EDB196AE71400057177 /* Build configuration list for PBXNativeTarget "Git test" */ = {
			isa = XCConfigurationList;
			buildConfigurations = (
				10478EDC196AE71400057177 /* Debug */,
				10478EDD196AE71400057177 /* Release */,
			);
			defaultConfigurationIsVisible = 0;
		};
		10478EDE196AE71400057177 /* Build configuration list for PBXNativeTarget "Git testTests" */ = {
			isa = XCConfigurationList;
			buildConfigurations = (
				10478EDF196AE71400057177 /* Debug */,
				10478EE0196AE71400057177 /* Release */,
			);
			defaultConfigurationIsVisible = 0;
		};
/* End XCConfigurationList section */
	};
	rootObject = 10478EA1196AE71400057177 /* Project object */;
}
